# Generated by pub
# See https://dart.dev/tools/pub/glossary#lockfile
packages:
  conversation:
    dependency: "direct main"
    description:
      path: "../modules/conversation"
      relative: true
    source: path
    version: "0.0.0"
  core:
    dependency: "direct main"
    description:
      path: "../../packages/core"
      relative: true
    source: path
    version: "0.0.0"
  llm_gateway:
    dependency: "direct main"
    description:
      path: "../modules/llm_gateway"
      relative: true
    source: path
    version: "0.0.0"
  protocol:
    dependency: "direct main"
    description:
      path: "../../packages/protocol"
      relative: true
    source: path
    version: "0.0.0"
  secrets:
    dependency: "direct main"
    description:
      path: "../modules/secrets"
      relative: true
    source: path
    version: "0.0.0"
  transport:
    dependency: "direct main"
    description:
      path: "../../packages/transport"
      relative: true
    source: path
    version: "0.0.0"
  ui_cli:
    dependency: "direct main"
    description:
      path: "../modules/ui_cli"
      relative: true
    source: path
    version: "0.0.0"
  ui_vocab:
    dependency: transitive
    description:
      path: "../../packages/ui_vocab"
      relative: true
    source: path
    version: "0.0.0"
sdks:
  dart: ">=3.5.0 <4.0.0"
