# Generated by pub
# See https://dart.dev/tools/pub/glossary#lockfile
packages:
  protocol:
    dependency: "direct main"
    description:
      path: "../../../packages/protocol"
      relative: true
    source: path
    version: "0.0.0"
  transport:
    dependency: "direct main"
    description:
      path: "../../../packages/transport"
      relative: true
    source: path
    version: "0.0.0"
  ui_vocab:
    dependency: "direct main"
    description:
      path: "../../../packages/ui_vocab"
      relative: true
    source: path
    version: "0.0.0"
  user_data:
    dependency: "direct main"
    description:
      path: "../../../packages/user_data"
      relative: true
    source: path
    version: "0.0.0"
sdks:
  dart: ">=3.5.0 <4.0.0"
